
Microsoft Visual Studio Solution File, Format Version 12.00
# Visual Studio 15
VisualStudioVersion = 15.0.27130.2036
MinimumVisualStudioVersion = 10.0.40219.1
Project("{FAE04EC0-301F-11D3-BF4B-00C04F79EFBC}") = "Common", "Common\Common.csproj", "{627570B2-399F-4515-A4FB-616D3CA9AC55}"
EndProject
Project("{FAE04EC0-301F-11D3-BF4B-00C04F79EFBC}") = "Models", "Models\Models.csproj", "{77F0543B-6BD2-491F-8B66-0532A38E4794}"
EndProject
Project("{FAE04EC0-301F-11D3-BF4B-00C04F79EFBC}") = "BLL", "BLL\BLL.csproj", "{4D96BDD4-79C3-49DC-9542-874F4E386FF4}"
EndProject
Project("{2150E333-8FDC-42A3-9474-1A3956D46DE8}") = "DataBase", "DataBase", "{2AF0CAC5-9602-4511-8EBD-ACB3DF326BE4}"
EndProject
Project("{FAE04EC0-301F-11D3-BF4B-00C04F79EFBC}") = "Factory", "Factory\Factory.csproj", "{C3D2D70C-3680-43B6-A254-CE10B211EA9F}"
EndProject
Project("{FAE04EC0-301F-11D3-BF4B-00C04F79EFBC}") = "Interface", "Interface\Interface.csproj", "{8C141B69-6D20-4B34-82CA-E227AF6EAE0C}"
EndProject
Project("{FAE04EC0-301F-11D3-BF4B-00C04F79EFBC}") = "DAL", "DAL\DAL.csproj", "{0F706281-D24A-44C7-8542-40D7C0D1B50D}"
EndProject
Project("{FAE04EC0-301F-11D3-BF4B-00C04F79EFBC}") = "WinForm", "WinForm\WinForm.csproj", "{88A6C513-5DFE-41A4-9224-2E10F593ED8C}"
EndProject
Global
	GlobalSection(SolutionConfigurationPlatforms) = preSolution
		Debug|Any CPU = Debug|Any CPU
		Release|Any CPU = Release|Any CPU
	EndGlobalSection
	GlobalSection(ProjectConfigurationPlatforms) = postSolution
		{627570B2-399F-4515-A4FB-616D3CA9AC55}.Debug|Any CPU.ActiveCfg = Debug|Any CPU
		{627570B2-399F-4515-A4FB-616D3CA9AC55}.Debug|Any CPU.Build.0 = Debug|Any CPU
		{627570B2-399F-4515-A4FB-616D3CA9AC55}.Release|Any CPU.ActiveCfg = Release|Any CPU
		{627570B2-399F-4515-A4FB-616D3CA9AC55}.Release|Any CPU.Build.0 = Release|Any CPU
		{77F0543B-6BD2-491F-8B66-0532A38E4794}.Debug|Any CPU.ActiveCfg = Debug|Any CPU
		{77F0543B-6BD2-491F-8B66-0532A38E4794}.Debug|Any CPU.Build.0 = Debug|Any CPU
		{77F0543B-6BD2-491F-8B66-0532A38E4794}.Release|Any CPU.ActiveCfg = Release|Any CPU
		{77F0543B-6BD2-491F-8B66-0532A38E4794}.Release|Any CPU.Build.0 = Release|Any CPU
		{4D96BDD4-79C3-49DC-9542-874F4E386FF4}.Debug|Any CPU.ActiveCfg = Debug|Any CPU
		{4D96BDD4-79C3-49DC-9542-874F4E386FF4}.Debug|Any CPU.Build.0 = Debug|Any CPU
		{4D96BDD4-79C3-49DC-9542-874F4E386FF4}.Release|Any CPU.ActiveCfg = Release|Any CPU
		{4D96BDD4-79C3-49DC-9542-874F4E386FF4}.Release|Any CPU.Build.0 = Release|Any CPU
		{C3D2D70C-3680-43B6-A254-CE10B211EA9F}.Debug|Any CPU.ActiveCfg = Debug|Any CPU
		{C3D2D70C-3680-43B6-A254-CE10B211EA9F}.Debug|Any CPU.Build.0 = Debug|Any CPU
		{C3D2D70C-3680-43B6-A254-CE10B211EA9F}.Release|Any CPU.ActiveCfg = Release|Any CPU
		{C3D2D70C-3680-43B6-A254-CE10B211EA9F}.Release|Any CPU.Build.0 = Release|Any CPU
		{8C141B69-6D20-4B34-82CA-E227AF6EAE0C}.Debug|Any CPU.ActiveCfg = Debug|Any CPU
		{8C141B69-6D20-4B34-82CA-E227AF6EAE0C}.Debug|Any CPU.Build.0 = Debug|Any CPU
		{8C141B69-6D20-4B34-82CA-E227AF6EAE0C}.Release|Any CPU.ActiveCfg = Release|Any CPU
		{8C141B69-6D20-4B34-82CA-E227AF6EAE0C}.Release|Any CPU.Build.0 = Release|Any CPU
		{0F706281-D24A-44C7-8542-40D7C0D1B50D}.Debug|Any CPU.ActiveCfg = Debug|Any CPU
		{0F706281-D24A-44C7-8542-40D7C0D1B50D}.Debug|Any CPU.Build.0 = Debug|Any CPU
		{0F706281-D24A-44C7-8542-40D7C0D1B50D}.Release|Any CPU.ActiveCfg = Release|Any CPU
		{0F706281-D24A-44C7-8542-40D7C0D1B50D}.Release|Any CPU.Build.0 = Release|Any CPU
		{88A6C513-5DFE-41A4-9224-2E10F593ED8C}.Debug|Any CPU.ActiveCfg = Debug|Any CPU
		{88A6C513-5DFE-41A4-9224-2E10F593ED8C}.Debug|Any CPU.Build.0 = Debug|Any CPU
		{88A6C513-5DFE-41A4-9224-2E10F593ED8C}.Release|Any CPU.ActiveCfg = Release|Any CPU
		{88A6C513-5DFE-41A4-9224-2E10F593ED8C}.Release|Any CPU.Build.0 = Release|Any CPU
	EndGlobalSection
	GlobalSection(SolutionProperties) = preSolution
		HideSolutionNode = FALSE
	EndGlobalSection
	GlobalSection(NestedProjects) = preSolution
		{77F0543B-6BD2-491F-8B66-0532A38E4794} = {2AF0CAC5-9602-4511-8EBD-ACB3DF326BE4}
		{4D96BDD4-79C3-49DC-9542-874F4E386FF4} = {2AF0CAC5-9602-4511-8EBD-ACB3DF326BE4}
		{C3D2D70C-3680-43B6-A254-CE10B211EA9F} = {2AF0CAC5-9602-4511-8EBD-ACB3DF326BE4}
		{0F706281-D24A-44C7-8542-40D7C0D1B50D} = {2AF0CAC5-9602-4511-8EBD-ACB3DF326BE4}
	EndGlobalSection
	GlobalSection(ExtensibilityGlobals) = postSolution
		SolutionGuid = {7F2115B5-2561-4EC0-9316-5C3D966D305D}
		VisualSVNWorkingCopyRoot = .
	EndGlobalSection
EndGlobal
