
Microsoft Visual Studio Solution File, Format Version 12.00
# Visual Studio 15
VisualStudioVersion = 15.0.26730.12
MinimumVisualStudioVersion = 10.0.40219.1
Project("{FAE04EC0-301F-11D3-BF4B-00C04F79EFBC}") = "WebHTML", "WebHTML\WebHTML.csproj", "{EC04236D-03AB-4039-B39B-AE89C3675CD2}"
EndProject
Project("{FAE04EC0-301F-11D3-BF4B-00C04F79EFBC}") = "EBuy", "EBuy\EBuy.csproj", "{0968DE0F-9D7A-45D3-93D5-BB97DE2E139A}"
EndProject
Project("{FAE04EC0-301F-11D3-BF4B-00C04F79EFBC}") = "ConsoleApp1", "ConsoleApp1\ConsoleApp1.csproj", "{C5DDB87E-2060-405D-87EB-2153F96F27DD}"
EndProject
Project("{FAE04EC0-301F-11D3-BF4B-00C04F79EFBC}") = "Common", "Common\Common.csproj", "{627570B2-399F-4515-A4FB-616D3CA9AC55}"
EndProject
Project("{FAE04EC0-301F-11D3-BF4B-00C04F79EFBC}") = "Models", "Models\Models.csproj", "{77F0543B-6BD2-491F-8B66-0532A38E4794}"
EndProject
Global
	GlobalSection(SolutionConfigurationPlatforms) = preSolution
		Debug|Any CPU = Debug|Any CPU
		Release|Any CPU = Release|Any CPU
	EndGlobalSection
	GlobalSection(ProjectConfigurationPlatforms) = postSolution
		{EC04236D-03AB-4039-B39B-AE89C3675CD2}.Debug|Any CPU.ActiveCfg = Debug|Any CPU
		{EC04236D-03AB-4039-B39B-AE89C3675CD2}.Debug|Any CPU.Build.0 = Debug|Any CPU
		{EC04236D-03AB-4039-B39B-AE89C3675CD2}.Release|Any CPU.ActiveCfg = Release|Any CPU
		{EC04236D-03AB-4039-B39B-AE89C3675CD2}.Release|Any CPU.Build.0 = Release|Any CPU
		{0968DE0F-9D7A-45D3-93D5-BB97DE2E139A}.Debug|Any CPU.ActiveCfg = Debug|Any CPU
		{0968DE0F-9D7A-45D3-93D5-BB97DE2E139A}.Debug|Any CPU.Build.0 = Debug|Any CPU
		{0968DE0F-9D7A-45D3-93D5-BB97DE2E139A}.Release|Any CPU.ActiveCfg = Release|Any CPU
		{0968DE0F-9D7A-45D3-93D5-BB97DE2E139A}.Release|Any CPU.Build.0 = Release|Any CPU
		{C5DDB87E-2060-405D-87EB-2153F96F27DD}.Debug|Any CPU.ActiveCfg = Debug|Any CPU
		{C5DDB87E-2060-405D-87EB-2153F96F27DD}.Debug|Any CPU.Build.0 = Debug|Any CPU
		{C5DDB87E-2060-405D-87EB-2153F96F27DD}.Release|Any CPU.ActiveCfg = Release|Any CPU
		{C5DDB87E-2060-405D-87EB-2153F96F27DD}.Release|Any CPU.Build.0 = Release|Any CPU
		{627570B2-399F-4515-A4FB-616D3CA9AC55}.Debug|Any CPU.ActiveCfg = Debug|Any CPU
		{627570B2-399F-4515-A4FB-616D3CA9AC55}.Debug|Any CPU.Build.0 = Debug|Any CPU
		{627570B2-399F-4515-A4FB-616D3CA9AC55}.Release|Any CPU.ActiveCfg = Release|Any CPU
		{627570B2-399F-4515-A4FB-616D3CA9AC55}.Release|Any CPU.Build.0 = Release|Any CPU
		{77F0543B-6BD2-491F-8B66-0532A38E4794}.Debug|Any CPU.ActiveCfg = Debug|Any CPU
		{77F0543B-6BD2-491F-8B66-0532A38E4794}.Debug|Any CPU.Build.0 = Debug|Any CPU
		{77F0543B-6BD2-491F-8B66-0532A38E4794}.Release|Any CPU.ActiveCfg = Release|Any CPU
		{77F0543B-6BD2-491F-8B66-0532A38E4794}.Release|Any CPU.Build.0 = Release|Any CPU
	EndGlobalSection
	GlobalSection(SolutionProperties) = preSolution
		HideSolutionNode = FALSE
	EndGlobalSection
	GlobalSection(ExtensibilityGlobals) = postSolution
		SolutionGuid = {7F2115B5-2561-4EC0-9316-5C3D966D305D}
		VisualSVNWorkingCopyRoot = .
	EndGlobalSection
EndGlobal
